// !$*UTF8*$!
{
	archiveVersion = 1;
	classes = {
	};
	objectVersion = 50;
	objects = {

/* Begin PBXBuildFile section */
		DC047F7E22B3941400A298AC /* AppDelegate.swift in Sources */ = {isa = PBXBuildFile; fileRef = DC047F7D22B3941400A298AC /* AppDelegate.swift */; };
		DC047F8222B3941400A298AC /* Actions.sks in Resources */ = {isa = PBXBuildFile; fileRef = DC047F8122B3941400A298AC /* Actions.sks */; };
		DC047F8622B3941400A298AC /* GameViewController.swift in Sources */ = {isa = PBXBuildFile; fileRef = DC047F8522B3941400A298AC /* GameViewController.swift */; };
		DC047F8922B3941400A298AC /* Main.storyboard in Resources */ = {isa = PBXBuildFile; fileRef = DC047F8722B3941400A298AC /* Main.storyboard */; };
		DC047F8B22B3941600A298AC /* Assets.xcassets in Resources */ = {isa = PBXBuildFile; fileRef = DC047F8A22B3941600A298AC /* Assets.xcassets */; };
		DC047F8E22B3941600A298AC /* LaunchScreen.storyboard in Resources */ = {isa = PBXBuildFile; fileRef = DC047F8C22B3941600A298AC /* LaunchScreen.storyboard */; };
		DC047F9B22B395C400A298AC /* MatchMakingScene.swift in Sources */ = {isa = PBXBuildFile; fileRef = DC047F9522B395C300A298AC /* MatchMakingScene.swift */; };
		DC047F9C22B395C400A298AC /* Array2D.swift in Sources */ = {isa = PBXBuildFile; fileRef = DC047F9622B395C400A298AC /* Array2D.swift */; };
		DC047F9D22B395C400A298AC /* LocalNetworking.swift in Sources */ = {isa = PBXBuildFile; fileRef = DC047F9722B395C400A298AC /* LocalNetworking.swift */; };
		DC047F9E22B395C400A298AC /* MatchMakingScene.sks in Resources */ = {isa = PBXBuildFile; fileRef = DC047F9822B395C400A298AC /* MatchMakingScene.sks */; };
		DC047F9F22B395C400A298AC /* BoardView.swift in Sources */ = {isa = PBXBuildFile; fileRef = DC047F9922B395C400A298AC /* BoardView.swift */; };
		DC047FA022B395C400A298AC /* Board.swift in Sources */ = {isa = PBXBuildFile; fileRef = DC047F9A22B395C400A298AC /* Board.swift */; };
		DC047FA222B3961C00A298AC /* SingleGameScene.swift in Sources */ = {isa = PBXBuildFile; fileRef = DC047FA122B3961C00A298AC /* SingleGameScene.swift */; };
		DC047FA422B3962F00A298AC /* SingleGameScene.sks in Resources */ = {isa = PBXBuildFile; fileRef = DC047FA322B3962F00A298AC /* SingleGameScene.sks */; };
		DC047FA622B39B6000A298AC /* Number.swift in Sources */ = {isa = PBXBuildFile; fileRef = DC047FA522B39B6000A298AC /* Number.swift */; };
		DC047FA822B39E2D00A298AC /* NumberView.swift in Sources */ = {isa = PBXBuildFile; fileRef = DC047FA722B39E2D00A298AC /* NumberView.swift */; };
		DC047FAA22B3A08100A298AC /* GameDelegate.swift in Sources */ = {isa = PBXBuildFile; fileRef = DC047FA922B3A08100A298AC /* GameDelegate.swift */; };
		DC047FAC22B402EB00A298AC /* NumberPad.swift in Sources */ = {isa = PBXBuildFile; fileRef = DC047FAB22B402EB00A298AC /* NumberPad.swift */; };
		DC047FAE22B41C0F00A298AC /* SingleGameOverScene.swift in Sources */ = {isa = PBXBuildFile; fileRef = DC047FAD22B41C0F00A298AC /* SingleGameOverScene.swift */; };
		DC047FB022B41D5900A298AC /* SingleGameOverScene.sks in Resources */ = {isa = PBXBuildFile; fileRef = DC047FAF22B41D5900A298AC /* SingleGameOverScene.sks */; };
		DC423B2B22BF6FAA004DCF04 /* BoardStorage.swift in Sources */ = {isa = PBXBuildFile; fileRef = DC423B2A22BF6FAA004DCF04 /* BoardStorage.swift */; };
		DC9DB5DD22B6143B00D54384 /* SudokuRepository.swift in Sources */ = {isa = PBXBuildFile; fileRef = DC9DB5DC22B6143B00D54384 /* SudokuRepository.swift */; };
		DC9DB5DF22B61DEF00D54384 /* BruteForceSolverBoard.swift in Sources */ = {isa = PBXBuildFile; fileRef = DC9DB5DE22B61DEF00D54384 /* BruteForceSolverBoard.swift */; };
		DC9DB5E122B7F44300D54384 /* TechniqueSolverBoard.swift in Sources */ = {isa = PBXBuildFile; fileRef = DC9DB5E022B7F44300D54384 /* TechniqueSolverBoard.swift */; };
		DC9DB5E422BCB4FD00D54384 /* SingleCandidate.swift in Sources */ = {isa = PBXBuildFile; fileRef = DC9DB5E322BCB4FD00D54384 /* SingleCandidate.swift */; };
		DC9DB5E622BCB52000D54384 /* SinglePosition.swift in Sources */ = {isa = PBXBuildFile; fileRef = DC9DB5E522BCB52000D54384 /* SinglePosition.swift */; };
		DC9DB5E822BCB54900D54384 /* CandidateLines.swift in Sources */ = {isa = PBXBuildFile; fileRef = DC9DB5E722BCB54900D54384 /* CandidateLines.swift */; };
		DC9DB5EA22BCB56A00D54384 /* MultipleLines.swift in Sources */ = {isa = PBXBuildFile; fileRef = DC9DB5E922BCB56A00D54384 /* MultipleLines.swift */; };
		DC9DB5EC22BCB58A00D54384 /* NakedTriple.swift in Sources */ = {isa = PBXBuildFile; fileRef = DC9DB5EB22BCB58A00D54384 /* NakedTriple.swift */; };
		DC9DB5EE22BCB5A300D54384 /* NakedQuads.swift in Sources */ = {isa = PBXBuildFile; fileRef = DC9DB5ED22BCB5A300D54384 /* NakedQuads.swift */; };
		DC9DB5F022BCB5BE00D54384 /* NakedPairs.swift in Sources */ = {isa = PBXBuildFile; fileRef = DC9DB5EF22BCB5BE00D54384 /* NakedPairs.swift */; };
		DC9DB5F222BCB5EF00D54384 /* HiddenPairs.swift in Sources */ = {isa = PBXBuildFile; fileRef = DC9DB5F122BCB5EF00D54384 /* HiddenPairs.swift */; };
		DC9DB5F422BCB61E00D54384 /* HiddenTriples.swift in Sources */ = {isa = PBXBuildFile; fileRef = DC9DB5F322BCB61E00D54384 /* HiddenTriples.swift */; };
		DC9DB5F622BCB64000D54384 /* HiddenQuads.swift in Sources */ = {isa = PBXBuildFile; fileRef = DC9DB5F522BCB64000D54384 /* HiddenQuads.swift */; };
		DC9DB5F822BCB65E00D54384 /* XWing.swift in Sources */ = {isa = PBXBuildFile; fileRef = DC9DB5F722BCB65E00D54384 /* XWing.swift */; };
		DC9DB5FA22BCB67700D54384 /* SolverTechnique.swift in Sources */ = {isa = PBXBuildFile; fileRef = DC9DB5F922BCB67700D54384 /* SolverTechnique.swift */; };
		DC9DB5FC22BCB69300D54384 /* BoardHandler.swift in Sources */ = {isa = PBXBuildFile; fileRef = DC9DB5FB22BCB69300D54384 /* BoardHandler.swift */; };
		DC9DB5FE22BDF99B00D54384 /* YWing.swift in Sources */ = {isa = PBXBuildFile; fileRef = DC9DB5FD22BDF99B00D54384 /* YWing.swift */; };
		DC9DB60022BE169000D54384 /* AbstractSolverBoard.swift in Sources */ = {isa = PBXBuildFile; fileRef = DC9DB5FF22BE169000D54384 /* AbstractSolverBoard.swift */; };
		DC9DB60222BE195600D54384 /* BoardGenerator.swift in Sources */ = {isa = PBXBuildFile; fileRef = DC9DB60122BE195600D54384 /* BoardGenerator.swift */; };
		DC9DB60422BE931600D54384 /* SelectDifficultyScene.swift in Sources */ = {isa = PBXBuildFile; fileRef = DC9DB60322BE931600D54384 /* SelectDifficultyScene.swift */; };
		DC9DB60622BE932900D54384 /* SelectDifficultyScene.sks in Resources */ = {isa = PBXBuildFile; fileRef = DC9DB60522BE932900D54384 /* SelectDifficultyScene.sks */; };
		DC9DB60822BE965C00D54384 /* SelectLevelScene.swift in Sources */ = {isa = PBXBuildFile; fileRef = DC9DB60722BE965C00D54384 /* SelectLevelScene.swift */; };
		DC9DB60A22BE966F00D54384 /* SelectLevelScene.sks in Resources */ = {isa = PBXBuildFile; fileRef = DC9DB60922BE966F00D54384 /* SelectLevelScene.sks */; };
		DCF80C7022C1DDBD000FE6DF /* SwordFish.swift in Sources */ = {isa = PBXBuildFile; fileRef = DCF80C6F22C1DDBD000FE6DF /* SwordFish.swift */; };
		DCF80C7222C3DCE1000FE6DF /* SimpleColouring.swift in Sources */ = {isa = PBXBuildFile; fileRef = DCF80C7122C3DCE1000FE6DF /* SimpleColouring.swift */; };
/* End PBXBuildFile section */

/* Begin PBXFileReference section */
		DC047F7A22B3941400A298AC /* Sudoku.app */ = {isa = PBXFileReference; explicitFileType = wrapper.application; includeInIndex = 0; path = Sudoku.app; sourceTree = BUILT_PRODUCTS_DIR; };
		DC047F7D22B3941400A298AC /* AppDelegate.swift */ = {isa = PBXFileReference; lastKnownFileType = sourcecode.swift; path = AppDelegate.swift; sourceTree = "<group>"; };
		DC047F8122B3941400A298AC /* Actions.sks */ = {isa = PBXFileReference; lastKnownFileType = file.sks; path = Actions.sks; sourceTree = "<group>"; };
		DC047F8522B3941400A298AC /* GameViewController.swift */ = {isa = PBXFileReference; lastKnownFileType = sourcecode.swift; path = GameViewController.swift; sourceTree = "<group>"; };
		DC047F8822B3941400A298AC /* Base */ = {isa = PBXFileReference; lastKnownFileType = file.storyboard; name = Base; path = Base.lproj/Main.storyboard; sourceTree = "<group>"; };
		DC047F8A22B3941600A298AC /* Assets.xcassets */ = {isa = PBXFileReference; lastKnownFileType = folder.assetcatalog; path = Assets.xcassets; sourceTree = "<group>"; };
		DC047F8D22B3941600A298AC /* Base */ = {isa = PBXFileReference; lastKnownFileType = file.storyboard; name = Base; path = Base.lproj/LaunchScreen.storyboard; sourceTree = "<group>"; };
		DC047F8F22B3941600A298AC /* Info.plist */ = {isa = PBXFileReference; lastKnownFileType = text.plist.xml; path = Info.plist; sourceTree = "<group>"; };
		DC047F9522B395C300A298AC /* MatchMakingScene.swift */ = {isa = PBXFileReference; fileEncoding = 4; lastKnownFileType = sourcecode.swift; path = MatchMakingScene.swift; sourceTree = "<group>"; };
		DC047F9622B395C400A298AC /* Array2D.swift */ = {isa = PBXFileReference; fileEncoding = 4; lastKnownFileType = sourcecode.swift; path = Array2D.swift; sourceTree = "<group>"; };
		DC047F9722B395C400A298AC /* LocalNetworking.swift */ = {isa = PBXFileReference; fileEncoding = 4; lastKnownFileType = sourcecode.swift; path = LocalNetworking.swift; sourceTree = "<group>"; };
		DC047F9822B395C400A298AC /* MatchMakingScene.sks */ = {isa = PBXFileReference; lastKnownFileType = file.sks; path = MatchMakingScene.sks; sourceTree = "<group>"; };
		DC047F9922B395C400A298AC /* BoardView.swift */ = {isa = PBXFileReference; fileEncoding = 4; lastKnownFileType = sourcecode.swift; path = BoardView.swift; sourceTree = "<group>"; };
		DC047F9A22B395C400A298AC /* Board.swift */ = {isa = PBXFileReference; fileEncoding = 4; lastKnownFileType = sourcecode.swift; path = Board.swift; sourceTree = "<group>"; };
		DC047FA122B3961C00A298AC /* SingleGameScene.swift */ = {isa = PBXFileReference; lastKnownFileType = sourcecode.swift; path = SingleGameScene.swift; sourceTree = "<group>"; };
		DC047FA322B3962F00A298AC /* SingleGameScene.sks */ = {isa = PBXFileReference; lastKnownFileType = file.sks; path = SingleGameScene.sks; sourceTree = "<group>"; };
		DC047FA522B39B6000A298AC /* Number.swift */ = {isa = PBXFileReference; lastKnownFileType = sourcecode.swift; path = Number.swift; sourceTree = "<group>"; };
		DC047FA722B39E2D00A298AC /* NumberView.swift */ = {isa = PBXFileReference; lastKnownFileType = sourcecode.swift; path = NumberView.swift; sourceTree = "<group>"; };
		DC047FA922B3A08100A298AC /* GameDelegate.swift */ = {isa = PBXFileReference; lastKnownFileType = sourcecode.swift; path = GameDelegate.swift; sourceTree = "<group>"; };
		DC047FAB22B402EB00A298AC /* NumberPad.swift */ = {isa = PBXFileReference; lastKnownFileType = sourcecode.swift; path = NumberPad.swift; sourceTree = "<group>"; };
		DC047FAD22B41C0F00A298AC /* SingleGameOverScene.swift */ = {isa = PBXFileReference; lastKnownFileType = sourcecode.swift; path = SingleGameOverScene.swift; sourceTree = "<group>"; };
		DC047FAF22B41D5900A298AC /* SingleGameOverScene.sks */ = {isa = PBXFileReference; lastKnownFileType = file.sks; path = SingleGameOverScene.sks; sourceTree = "<group>"; };
		DC423B2A22BF6FAA004DCF04 /* BoardStorage.swift */ = {isa = PBXFileReference; lastKnownFileType = sourcecode.swift; path = BoardStorage.swift; sourceTree = "<group>"; };
		DC9DB5DC22B6143B00D54384 /* SudokuRepository.swift */ = {isa = PBXFileReference; lastKnownFileType = sourcecode.swift; path = SudokuRepository.swift; sourceTree = "<group>"; };
		DC9DB5DE22B61DEF00D54384 /* BruteForceSolverBoard.swift */ = {isa = PBXFileReference; lastKnownFileType = sourcecode.swift; path = BruteForceSolverBoard.swift; sourceTree = "<group>"; };
		DC9DB5E022B7F44300D54384 /* TechniqueSolverBoard.swift */ = {isa = PBXFileReference; lastKnownFileType = sourcecode.swift; path = TechniqueSolverBoard.swift; sourceTree = "<group>"; };
		DC9DB5E322BCB4FD00D54384 /* SingleCandidate.swift */ = {isa = PBXFileReference; lastKnownFileType = sourcecode.swift; path = SingleCandidate.swift; sourceTree = "<group>"; };
		DC9DB5E522BCB52000D54384 /* SinglePosition.swift */ = {isa = PBXFileReference; lastKnownFileType = sourcecode.swift; path = SinglePosition.swift; sourceTree = "<group>"; };
		DC9DB5E722BCB54900D54384 /* CandidateLines.swift */ = {isa = PBXFileReference; lastKnownFileType = sourcecode.swift; path = CandidateLines.swift; sourceTree = "<group>"; };
		DC9DB5E922BCB56A00D54384 /* MultipleLines.swift */ = {isa = PBXFileReference; lastKnownFileType = sourcecode.swift; path = MultipleLines.swift; sourceTree = "<group>"; };
		DC9DB5EB22BCB58A00D54384 /* NakedTriple.swift */ = {isa = PBXFileReference; lastKnownFileType = sourcecode.swift; path = NakedTriple.swift; sourceTree = "<group>"; };
		DC9DB5ED22BCB5A300D54384 /* NakedQuads.swift */ = {isa = PBXFileReference; lastKnownFileType = sourcecode.swift; path = NakedQuads.swift; sourceTree = "<group>"; };
		DC9DB5EF22BCB5BE00D54384 /* NakedPairs.swift */ = {isa = PBXFileReference; lastKnownFileType = sourcecode.swift; path = NakedPairs.swift; sourceTree = "<group>"; };
		DC9DB5F122BCB5EF00D54384 /* HiddenPairs.swift */ = {isa = PBXFileReference; lastKnownFileType = sourcecode.swift; path = HiddenPairs.swift; sourceTree = "<group>"; };
		DC9DB5F322BCB61E00D54384 /* HiddenTriples.swift */ = {isa = PBXFileReference; lastKnownFileType = sourcecode.swift; path = HiddenTriples.swift; sourceTree = "<group>"; };
		DC9DB5F522BCB64000D54384 /* HiddenQuads.swift */ = {isa = PBXFileReference; lastKnownFileType = sourcecode.swift; path = HiddenQuads.swift; sourceTree = "<group>"; };
		DC9DB5F722BCB65E00D54384 /* XWing.swift */ = {isa = PBXFileReference; lastKnownFileType = sourcecode.swift; path = XWing.swift; sourceTree = "<group>"; };
		DC9DB5F922BCB67700D54384 /* SolverTechnique.swift */ = {isa = PBXFileReference; lastKnownFileType = sourcecode.swift; path = SolverTechnique.swift; sourceTree = "<group>"; };
		DC9DB5FB22BCB69300D54384 /* BoardHandler.swift */ = {isa = PBXFileReference; lastKnownFileType = sourcecode.swift; path = BoardHandler.swift; sourceTree = "<group>"; };
		DC9DB5FD22BDF99B00D54384 /* YWing.swift */ = {isa = PBXFileReference; lastKnownFileType = sourcecode.swift; path = YWing.swift; sourceTree = "<group>"; };
		DC9DB5FF22BE169000D54384 /* AbstractSolverBoard.swift */ = {isa = PBXFileReference; lastKnownFileType = sourcecode.swift; path = AbstractSolverBoard.swift; sourceTree = "<group>"; };
		DC9DB60122BE195600D54384 /* BoardGenerator.swift */ = {isa = PBXFileReference; lastKnownFileType = sourcecode.swift; path = BoardGenerator.swift; sourceTree = "<group>"; };
		DC9DB60322BE931600D54384 /* SelectDifficultyScene.swift */ = {isa = PBXFileReference; lastKnownFileType = sourcecode.swift; path = SelectDifficultyScene.swift; sourceTree = "<group>"; };
		DC9DB60522BE932900D54384 /* SelectDifficultyScene.sks */ = {isa = PBXFileReference; lastKnownFileType = file.sks; path = SelectDifficultyScene.sks; sourceTree = "<group>"; };
		DC9DB60722BE965C00D54384 /* SelectLevelScene.swift */ = {isa = PBXFileReference; lastKnownFileType = sourcecode.swift; path = SelectLevelScene.swift; sourceTree = "<group>"; };
		DC9DB60922BE966F00D54384 /* SelectLevelScene.sks */ = {isa = PBXFileReference; lastKnownFileType = file.sks; path = SelectLevelScene.sks; sourceTree = "<group>"; };
		DCF80C6F22C1DDBD000FE6DF /* SwordFish.swift */ = {isa = PBXFileReference; lastKnownFileType = sourcecode.swift; path = SwordFish.swift; sourceTree = "<group>"; };
		DCF80C7122C3DCE1000FE6DF /* SimpleColouring.swift */ = {isa = PBXFileReference; lastKnownFileType = sourcecode.swift; path = SimpleColouring.swift; sourceTree = "<group>"; };
/* End PBXFileReference section */

/* Begin PBXFrameworksBuildPhase section */
		DC047F7722B3941400A298AC /* Frameworks */ = {
			isa = PBXFrameworksBuildPhase;
			buildActionMask = 2147483647;
			files = (
			);
			runOnlyForDeploymentPostprocessing = 0;
		};
/* End PBXFrameworksBuildPhase section */

/* Begin PBXGroup section */
		DC047F7122B3941400A298AC = {
			isa = PBXGroup;
			children = (
				DC047F7C22B3941400A298AC /* Sudoku */,
				DC047F7B22B3941400A298AC /* Products */,
			);
			sourceTree = "<group>";
		};
		DC047F7B22B3941400A298AC /* Products */ = {
			isa = PBXGroup;
			children = (
				DC047F7A22B3941400A298AC /* Sudoku.app */,
			);
			name = Products;
			sourceTree = "<group>";
		};
		DC047F7C22B3941400A298AC /* Sudoku */ = {
			isa = PBXGroup;
			children = (
				DC9DB5E222BCB4DB00D54384 /* SolutionTechniques */,
				DC047F9622B395C400A298AC /* Array2D.swift */,
				DC047F9A22B395C400A298AC /* Board.swift */,
				DC047F9922B395C400A298AC /* BoardView.swift */,
				DC047F9722B395C400A298AC /* LocalNetworking.swift */,
				DC047F9822B395C400A298AC /* MatchMakingScene.sks */,
				DC047F9522B395C300A298AC /* MatchMakingScene.swift */,
				DC047F7D22B3941400A298AC /* AppDelegate.swift */,
				DC047F8122B3941400A298AC /* Actions.sks */,
				DC047F8522B3941400A298AC /* GameViewController.swift */,
				DC047F8722B3941400A298AC /* Main.storyboard */,
				DC047F8A22B3941600A298AC /* Assets.xcassets */,
				DC047F8C22B3941600A298AC /* LaunchScreen.storyboard */,
				DC047F8F22B3941600A298AC /* Info.plist */,
				DC047FA122B3961C00A298AC /* SingleGameScene.swift */,
				DC047FA322B3962F00A298AC /* SingleGameScene.sks */,
				DC047FA522B39B6000A298AC /* Number.swift */,
				DC047FA722B39E2D00A298AC /* NumberView.swift */,
				DC047FA922B3A08100A298AC /* GameDelegate.swift */,
				DC047FAB22B402EB00A298AC /* NumberPad.swift */,
				DC047FAD22B41C0F00A298AC /* SingleGameOverScene.swift */,
				DC047FAF22B41D5900A298AC /* SingleGameOverScene.sks */,
				DC9DB5DC22B6143B00D54384 /* SudokuRepository.swift */,
				DC9DB5DE22B61DEF00D54384 /* BruteForceSolverBoard.swift */,
				DC9DB5E022B7F44300D54384 /* TechniqueSolverBoard.swift */,
				DC9DB5FF22BE169000D54384 /* AbstractSolverBoard.swift */,
				DC9DB60122BE195600D54384 /* BoardGenerator.swift */,
				DC9DB60322BE931600D54384 /* SelectDifficultyScene.swift */,
				DC9DB60522BE932900D54384 /* SelectDifficultyScene.sks */,
				DC9DB60722BE965C00D54384 /* SelectLevelScene.swift */,
				DC9DB60922BE966F00D54384 /* SelectLevelScene.sks */,
				DC423B2A22BF6FAA004DCF04 /* BoardStorage.swift */,
			);
			path = Sudoku;
			sourceTree = "<group>";
		};
		DC9DB5E222BCB4DB00D54384 /* SolutionTechniques */ = {
			isa = PBXGroup;
			children = (
				DC9DB5E322BCB4FD00D54384 /* SingleCandidate.swift */,
				DC9DB5E522BCB52000D54384 /* SinglePosition.swift */,
				DC9DB5E722BCB54900D54384 /* CandidateLines.swift */,
				DC9DB5E922BCB56A00D54384 /* MultipleLines.swift */,
				DC9DB5EB22BCB58A00D54384 /* NakedTriple.swift */,
				DC9DB5ED22BCB5A300D54384 /* NakedQuads.swift */,
				DC9DB5EF22BCB5BE00D54384 /* NakedPairs.swift */,
				DC9DB5F122BCB5EF00D54384 /* HiddenPairs.swift */,
				DC9DB5F322BCB61E00D54384 /* HiddenTriples.swift */,
				DC9DB5F522BCB64000D54384 /* HiddenQuads.swift */,
				DC9DB5F722BCB65E00D54384 /* XWing.swift */,
				DC9DB5F922BCB67700D54384 /* SolverTechnique.swift */,
				DC9DB5FB22BCB69300D54384 /* BoardHandler.swift */,
				DC9DB5FD22BDF99B00D54384 /* YWing.swift */,
				DCF80C6F22C1DDBD000FE6DF /* SwordFish.swift */,
				DCF80C7122C3DCE1000FE6DF /* SimpleColouring.swift */,
			);
			path = SolutionTechniques;
			sourceTree = "<group>";
		};
/* End PBXGroup section */

/* Begin PBXNativeTarget section */
		DC047F7922B3941400A298AC /* Sudoku */ = {
			isa = PBXNativeTarget;
			buildConfigurationList = DC047F9222B3941600A298AC /* Build configuration list for PBXNativeTarget "Sudoku" */;
			buildPhases = (
				DC047F7622B3941400A298AC /* Sources */,
				DC047F7722B3941400A298AC /* Frameworks */,
				DC047F7822B3941400A298AC /* Resources */,
			);
			buildRules = (
			);
			dependencies = (
			);
			name = Sudoku;
			productName = Sudoku;
			productReference = DC047F7A22B3941400A298AC /* Sudoku.app */;
			productType = "com.apple.product-type.application";
		};
/* End PBXNativeTarget section */

/* Begin PBXProject section */
		DC047F7222B3941400A298AC /* Project object */ = {
			isa = PBXProject;
			attributes = {
				LastSwiftUpdateCheck = 1010;
				LastUpgradeCheck = 1010;
				ORGANIZATIONNAME = "Erland Isaksson";
				TargetAttributes = {
					DC047F7922B3941400A298AC = {
						CreatedOnToolsVersion = 10.1;
					};
				};
			};
			buildConfigurationList = DC047F7522B3941400A298AC /* Build configuration list for PBXProject "Sudoku" */;
			compatibilityVersion = "Xcode 9.3";
			developmentRegion = en;
			hasScannedForEncodings = 0;
			knownRegions = (
				en,
				Base,
			);
			mainGroup = DC047F7122B3941400A298AC;
			productRefGroup = DC047F7B22B3941400A298AC /* Products */;
			projectDirPath = "";
			projectRoot = "";
			targets = (
				DC047F7922B3941400A298AC /* Sudoku */,
			);
		};
/* End PBXProject section */

/* Begin PBXResourcesBuildPhase section */
		DC047F7822B3941400A298AC /* Resources */ = {
			isa = PBXResourcesBuildPhase;
			buildActionMask = 2147483647;
			files = (
				DC047FB022B41D5900A298AC /* SingleGameOverScene.sks in Resources */,
				DC9DB60622BE932900D54384 /* SelectDifficultyScene.sks in Resources */,
				DC047F8922B3941400A298AC /* Main.storyboard in Resources */,
				DC047F8B22B3941600A298AC /* Assets.xcassets in Resources */,
				DC047F8E22B3941600A298AC /* LaunchScreen.storyboard in Resources */,
				DC047F8222B3941400A298AC /* Actions.sks in Resources */,
				DC9DB60A22BE966F00D54384 /* SelectLevelScene.sks in Resources */,
				DC047F9E22B395C400A298AC /* MatchMakingScene.sks in Resources */,
				DC047FA422B3962F00A298AC /* SingleGameScene.sks in Resources */,
			);
			runOnlyForDeploymentPostprocessing = 0;
		};
/* End PBXResourcesBuildPhase section */

/* Begin PBXSourcesBuildPhase section */
		DC047F7622B3941400A298AC /* Sources */ = {
			isa = PBXSourcesBuildPhase;
			buildActionMask = 2147483647;
			files = (
				DC9DB5E822BCB54900D54384 /* CandidateLines.swift in Sources */,
				DC047FAC22B402EB00A298AC /* NumberPad.swift in Sources */,
				DC9DB5EE22BCB5A300D54384 /* NakedQuads.swift in Sources */,
				DC047FA622B39B6000A298AC /* Number.swift in Sources */,
				DC9DB5E122B7F44300D54384 /* TechniqueSolverBoard.swift in Sources */,
				DC9DB5F422BCB61E00D54384 /* HiddenTriples.swift in Sources */,
				DC9DB5DD22B6143B00D54384 /* SudokuRepository.swift in Sources */,
				DC9DB60822BE965C00D54384 /* SelectLevelScene.swift in Sources */,
				DC9DB5E422BCB4FD00D54384 /* SingleCandidate.swift in Sources */,
				DC047F9F22B395C400A298AC /* BoardView.swift in Sources */,
				DC047FA222B3961C00A298AC /* SingleGameScene.swift in Sources */,
				DCF80C7022C1DDBD000FE6DF /* SwordFish.swift in Sources */,
				DC9DB5DF22B61DEF00D54384 /* BruteForceSolverBoard.swift in Sources */,
				DC9DB5FC22BCB69300D54384 /* BoardHandler.swift in Sources */,
				DC047FA822B39E2D00A298AC /* NumberView.swift in Sources */,
				DCF80C7222C3DCE1000FE6DF /* SimpleColouring.swift in Sources */,
				DC047F9D22B395C400A298AC /* LocalNetworking.swift in Sources */,
				DC047F8622B3941400A298AC /* GameViewController.swift in Sources */,
				DC047F7E22B3941400A298AC /* AppDelegate.swift in Sources */,
				DC9DB5EA22BCB56A00D54384 /* MultipleLines.swift in Sources */,
				DC9DB5E622BCB52000D54384 /* SinglePosition.swift in Sources */,
				DC047F9B22B395C400A298AC /* MatchMakingScene.swift in Sources */,
				DC047FAE22B41C0F00A298AC /* SingleGameOverScene.swift in Sources */,
				DC423B2B22BF6FAA004DCF04 /* BoardStorage.swift in Sources */,
				DC9DB5FE22BDF99B00D54384 /* YWing.swift in Sources */,
				DC9DB5F822BCB65E00D54384 /* XWing.swift in Sources */,
				DC047FA022B395C400A298AC /* Board.swift in Sources */,
				DC9DB5F622BCB64000D54384 /* HiddenQuads.swift in Sources */,
				DC047F9C22B395C400A298AC /* Array2D.swift in Sources */,
				DC9DB5F022BCB5BE00D54384 /* NakedPairs.swift in Sources */,
				DC047FAA22B3A08100A298AC /* GameDelegate.swift in Sources */,
				DC9DB5FA22BCB67700D54384 /* SolverTechnique.swift in Sources */,
				DC9DB60022BE169000D54384 /* AbstractSolverBoard.swift in Sources */,
				DC9DB60422BE931600D54384 /* SelectDifficultyScene.swift in Sources */,
				DC9DB5EC22BCB58A00D54384 /* NakedTriple.swift in Sources */,
				DC9DB60222BE195600D54384 /* BoardGenerator.swift in Sources */,
				DC9DB5F222BCB5EF00D54384 /* HiddenPairs.swift in Sources */,
			);
			runOnlyForDeploymentPostprocessing = 0;
		};
/* End PBXSourcesBuildPhase section */

/* Begin PBXVariantGroup section */
		DC047F8722B3941400A298AC /* Main.storyboard */ = {
			isa = PBXVariantGroup;
			children = (
				DC047F8822B3941400A298AC /* Base */,
			);
			name = Main.storyboard;
			sourceTree = "<group>";
		};
		DC047F8C22B3941600A298AC /* LaunchScreen.storyboard */ = {
			isa = PBXVariantGroup;
			children = (
				DC047F8D22B3941600A298AC /* Base */,
			);
			name = LaunchScreen.storyboard;
			sourceTree = "<group>";
		};
/* End PBXVariantGroup section */

/* Begin XCBuildConfiguration section */
		DC047F9022B3941600A298AC /* Debug */ = {
			isa = XCBuildConfiguration;
			buildSettings = {
				ALWAYS_SEARCH_USER_PATHS = NO;
				CLANG_ANALYZER_NONNULL = YES;
				CLANG_ANALYZER_NUMBER_OBJECT_CONVERSION = YES_AGGRESSIVE;
				CLANG_CXX_LANGUAGE_STANDARD = "gnu++14";
				CLANG_CXX_LIBRARY = "libc++";
				CLANG_ENABLE_MODULES = YES;
				CLANG_ENABLE_OBJC_ARC = YES;
				CLANG_ENABLE_OBJC_WEAK = YES;
				CLANG_WARN_BLOCK_CAPTURE_AUTORELEASING = YES;
				CLANG_WARN_BOOL_CONVERSION = YES;
				CLANG_WARN_COMMA = YES;
				CLANG_WARN_CONSTANT_CONVERSION = YES;
				CLANG_WARN_DEPRECATED_OBJC_IMPLEMENTATIONS = YES;
				CLANG_WARN_DIRECT_OBJC_ISA_USAGE = YES_ERROR;
				CLANG_WARN_DOCUMENTATION_COMMENTS = YES;
				CLANG_WARN_EMPTY_BODY = YES;
				CLANG_WARN_ENUM_CONVERSION = YES;
				CLANG_WARN_INFINITE_RECURSION = YES;
				CLANG_WARN_INT_CONVERSION = YES;
				CLANG_WARN_NON_LITERAL_NULL_CONVERSION = YES;
				CLANG_WARN_OBJC_IMPLICIT_RETAIN_SELF = YES;
				CLANG_WARN_OBJC_LITERAL_CONVERSION = YES;
				CLANG_WARN_OBJC_ROOT_CLASS = YES_ERROR;
				CLANG_WARN_RANGE_LOOP_ANALYSIS = YES;
				CLANG_WARN_STRICT_PROTOTYPES = YES;
				CLANG_WARN_SUSPICIOUS_MOVE = YES;
				CLANG_WARN_UNGUARDED_AVAILABILITY = YES_AGGRESSIVE;
				CLANG_WARN_UNREACHABLE_CODE = YES;
				CLANG_WARN__DUPLICATE_METHOD_MATCH = YES;
				CODE_SIGN_IDENTITY = "iPhone Developer";
				COPY_PHASE_STRIP = NO;
				DEBUG_INFORMATION_FORMAT = dwarf;
				ENABLE_STRICT_OBJC_MSGSEND = YES;
				ENABLE_TESTABILITY = YES;
				GCC_C_LANGUAGE_STANDARD = gnu11;
				GCC_DYNAMIC_NO_PIC = NO;
				GCC_NO_COMMON_BLOCKS = YES;
				GCC_OPTIMIZATION_LEVEL = 0;
				GCC_PREPROCESSOR_DEFINITIONS = (
					"DEBUG=1",
					"$(inherited)",
				);
				GCC_WARN_64_TO_32_BIT_CONVERSION = YES;
				GCC_WARN_ABOUT_RETURN_TYPE = YES_ERROR;
				GCC_WARN_UNDECLARED_SELECTOR = YES;
				GCC_WARN_UNINITIALIZED_AUTOS = YES_AGGRESSIVE;
				GCC_WARN_UNUSED_FUNCTION = YES;
				GCC_WARN_UNUSED_VARIABLE = YES;
				IPHONEOS_DEPLOYMENT_TARGET = 12.1;
				MTL_ENABLE_DEBUG_INFO = INCLUDE_SOURCE;
				MTL_FAST_MATH = YES;
				ONLY_ACTIVE_ARCH = YES;
				SDKROOT = iphoneos;
				SWIFT_ACTIVE_COMPILATION_CONDITIONS = DEBUG;
				SWIFT_OPTIMIZATION_LEVEL = "-Onone";
			};
			name = Debug;
		};
		DC047F9122B3941600A298AC /* Release */ = {
			isa = XCBuildConfiguration;
			buildSettings = {
				ALWAYS_SEARCH_USER_PATHS = NO;
				CLANG_ANALYZER_NONNULL = YES;
				CLANG_ANALYZER_NUMBER_OBJECT_CONVERSION = YES_AGGRESSIVE;
				CLANG_CXX_LANGUAGE_STANDARD = "gnu++14";
				CLANG_CXX_LIBRARY = "libc++";
				CLANG_ENABLE_MODULES = YES;
				CLANG_ENABLE_OBJC_ARC = YES;
				CLANG_ENABLE_OBJC_WEAK = YES;
				CLANG_WARN_BLOCK_CAPTURE_AUTORELEASING = YES;
				CLANG_WARN_BOOL_CONVERSION = YES;
				CLANG_WARN_COMMA = YES;
				CLANG_WARN_CONSTANT_CONVERSION = YES;
				CLANG_WARN_DEPRECATED_OBJC_IMPLEMENTATIONS = YES;
				CLANG_WARN_DIRECT_OBJC_ISA_USAGE = YES_ERROR;
				CLANG_WARN_DOCUMENTATION_COMMENTS = YES;
				CLANG_WARN_EMPTY_BODY = YES;
				CLANG_WARN_ENUM_CONVERSION = YES;
				CLANG_WARN_INFINITE_RECURSION = YES;
				CLANG_WARN_INT_CONVERSION = YES;
				CLANG_WARN_NON_LITERAL_NULL_CONVERSION = YES;
				CLANG_WARN_OBJC_IMPLICIT_RETAIN_SELF = YES;
				CLANG_WARN_OBJC_LITERAL_CONVERSION = YES;
				CLANG_WARN_OBJC_ROOT_CLASS = YES_ERROR;
				CLANG_WARN_RANGE_LOOP_ANALYSIS = YES;
				CLANG_WARN_STRICT_PROTOTYPES = YES;
				CLANG_WARN_SUSPICIOUS_MOVE = YES;
				CLANG_WARN_UNGUARDED_AVAILABILITY = YES_AGGRESSIVE;
				CLANG_WARN_UNREACHABLE_CODE = YES;
				CLANG_WARN__DUPLICATE_METHOD_MATCH = YES;
				CODE_SIGN_IDENTITY = "iPhone Developer";
				COPY_PHASE_STRIP = NO;
				DEBUG_INFORMATION_FORMAT = "dwarf-with-dsym";
				ENABLE_NS_ASSERTIONS = NO;
				ENABLE_STRICT_OBJC_MSGSEND = YES;
				GCC_C_LANGUAGE_STANDARD = gnu11;
				GCC_NO_COMMON_BLOCKS = YES;
				GCC_WARN_64_TO_32_BIT_CONVERSION = YES;
				GCC_WARN_ABOUT_RETURN_TYPE = YES_ERROR;
				GCC_WARN_UNDECLARED_SELECTOR = YES;
				GCC_WARN_UNINITIALIZED_AUTOS = YES_AGGRESSIVE;
				GCC_WARN_UNUSED_FUNCTION = YES;
				GCC_WARN_UNUSED_VARIABLE = YES;
				IPHONEOS_DEPLOYMENT_TARGET = 12.1;
				MTL_ENABLE_DEBUG_INFO = NO;
				MTL_FAST_MATH = YES;
				SDKROOT = iphoneos;
				SWIFT_COMPILATION_MODE = wholemodule;
				SWIFT_OPTIMIZATION_LEVEL = "-O";
				VALIDATE_PRODUCT = YES;
			};
			name = Release;
		};
		DC047F9322B3941600A298AC /* Debug */ = {
			isa = XCBuildConfiguration;
			buildSettings = {
				ASSETCATALOG_COMPILER_APPICON_NAME = AppIcon;
				CODE_SIGN_STYLE = Automatic;
				DEVELOPMENT_TEAM = 6R6NEH26ZQ;
				INFOPLIST_FILE = Sudoku/Info.plist;
				LD_RUNPATH_SEARCH_PATHS = (
					"$(inherited)",
					"@executable_path/Frameworks",
				);
				PRODUCT_BUNDLE_IDENTIFIER = "info.isaksson.erland.Sudoku-beta";
				PRODUCT_NAME = "$(TARGET_NAME)";
				SWIFT_VERSION = 4.2;
				TARGETED_DEVICE_FAMILY = "1,2";
			};
			name = Debug;
		};
		DC047F9422B3941600A298AC /* Release */ = {
			isa = XCBuildConfiguration;
			buildSettings = {
				ASSETCATALOG_COMPILER_APPICON_NAME = AppIcon;
				CODE_SIGN_STYLE = Automatic;
				DEVELOPMENT_TEAM = 6R6NEH26ZQ;
				INFOPLIST_FILE = Sudoku/Info.plist;
				LD_RUNPATH_SEARCH_PATHS = (
					"$(inherited)",
					"@executable_path/Frameworks",
				);
				PRODUCT_BUNDLE_IDENTIFIER = "info.isaksson.erland.Sudoku-beta";
				PRODUCT_NAME = "$(TARGET_NAME)";
				SWIFT_VERSION = 4.2;
				TARGETED_DEVICE_FAMILY = "1,2";
			};
			name = Release;
		};
/* End XCBuildConfiguration section */

/* Begin XCConfigurationList section */
		DC047F7522B3941400A298AC /* Build configuration list for PBXProject "Sudoku" */ = {
			isa = XCConfigurationList;
			buildConfigurations = (
				DC047F9022B3941600A298AC /* Debug */,
				DC047F9122B3941600A298AC /* Release */,
			);
			defaultConfigurationIsVisible = 0;
			defaultConfigurationName = Release;
		};
		DC047F9222B3941600A298AC /* Build configuration list for PBXNativeTarget "Sudoku" */ = {
			isa = XCConfigurationList;
			buildConfigurations = (
				DC047F9322B3941600A298AC /* Debug */,
				DC047F9422B3941600A298AC /* Release */,
			);
			defaultConfigurationIsVisible = 0;
			defaultConfigurationName = Release;
		};
/* End XCConfigurationList section */
	};
	rootObject = DC047F7222B3941400A298AC /* Project object */;
}
